
Microsoft Visual Studio Solution File, Format Version 12.00
# Visual Studio 15
VisualStudioVersion = 15.0.26430.6
MinimumVisualStudioVersion = 10.0.40219.1
Project("{2150E333-8FDC-42A3-9474-1A3956D46DE8}") = "src", "src", "{1D68EEE1-B039-40A5-BA5A-DB00BCAFEE1A}"
EndProject
Project("{9A19103F-16F7-4668-BE54-9A1E7A4F7556}") = "Pomelo.Data.MySql", "src\Pomelo.Data.MySql\Pomelo.Data.MySql.csproj", "{05D1E5D1-1784-45A9-BC35-CC3E1DA87165}"
EndProject
Project("{FAE04EC0-301F-11D3-BF4B-00C04F79EFBC}") = "Pomelo.Data.MySql.Sample", "src\Pomelo.Data.MySql.Sample\Pomelo.Data.MySql.Sample.csproj", "{6B751BAD-13B0-4160-AD09-D6FAF7A19BD8}"
EndProject
Global
	GlobalSection(SolutionConfigurationPlatforms) = preSolution
		Debug|Any CPU = Debug|Any CPU
		Release|Any CPU = Release|Any CPU
	EndGlobalSection
	GlobalSection(ProjectConfigurationPlatforms) = postSolution
		{05D1E5D1-1784-45A9-BC35-CC3E1DA87165}.Debug|Any CPU.ActiveCfg = Debug|Any CPU
		{05D1E5D1-1784-45A9-BC35-CC3E1DA87165}.Debug|Any CPU.Build.0 = Debug|Any CPU
		{05D1E5D1-1784-45A9-BC35-CC3E1DA87165}.Release|Any CPU.ActiveCfg = Release|Any CPU
		{05D1E5D1-1784-45A9-BC35-CC3E1DA87165}.Release|Any CPU.Build.0 = Release|Any CPU
		{6B751BAD-13B0-4160-AD09-D6FAF7A19BD8}.Debug|Any CPU.ActiveCfg = Debug|Any CPU
		{6B751BAD-13B0-4160-AD09-D6FAF7A19BD8}.Debug|Any CPU.Build.0 = Debug|Any CPU
		{6B751BAD-13B0-4160-AD09-D6FAF7A19BD8}.Release|Any CPU.ActiveCfg = Release|Any CPU
		{6B751BAD-13B0-4160-AD09-D6FAF7A19BD8}.Release|Any CPU.Build.0 = Release|Any CPU
	EndGlobalSection
	GlobalSection(SolutionProperties) = preSolution
		HideSolutionNode = FALSE
	EndGlobalSection
	GlobalSection(NestedProjects) = preSolution
		{05D1E5D1-1784-45A9-BC35-CC3E1DA87165} = {1D68EEE1-B039-40A5-BA5A-DB00BCAFEE1A}
		{6B751BAD-13B0-4160-AD09-D6FAF7A19BD8} = {1D68EEE1-B039-40A5-BA5A-DB00BCAFEE1A}
	EndGlobalSection
EndGlobal
